{
  "pins" : [
    {
      "identity" : "vesperplayerkit",
      "kind" : "remoteSourceControl",
      "location" : "https://github.com/umbrella22/VesperPlayerKit.git",
      "state" : {
        "revision" : "1429356dc36d54916fb321a28315e6ad30d5307a",
        "version" : "0.5.1-rc.1"
      }
    }
  ],
  "version" : 2
}
