{
  "pins" : [
    {
      "identity" : "vesperplayerkit",
      "kind" : "remoteSourceControl",
      "location" : "https://github.com/umbrella22/VesperPlayerKit.git",
      "state" : {
        "revision" : "44fa80c476bbde19c2cfd51c472e9daf68abda31",
        "version" : "0.5.2-rc.4"
      }
    }
  ],
  "version" : 2
}
