{
  "pins" : [
    {
      "identity" : "vesperplayerkit",
      "kind" : "remoteSourceControl",
      "location" : "https://github.com/umbrella22/VesperPlayerKit.git",
      "state" : {
        "revision" : "97469859b57d25f16374caba76a0e03a4127531e",
        "version" : "0.5.2"
      }
    }
  ],
  "version" : 2
}
