{
  "pins" : [
    {
      "identity" : "vesperplayerkit",
      "kind" : "remoteSourceControl",
      "location" : "https://github.com/umbrella22/VesperPlayerKit.git",
      "state" : {
        "revision" : "27a95c0005e4673b10c83427793b43d8c756211b",
        "version" : "0.5.0"
      }
    }
  ],
  "version" : 2
}
