{
  "originHash" : "0cf1d41023287cb81a7edb01cbbf966521cfe4443d7f951115bb519b53792dde",
  "pins" : [
    {
      "identity" : "vesperplayerkit",
      "kind" : "remoteSourceControl",
      "location" : "https://github.com/umbrella22/VesperPlayerKit.git",
      "state" : {
        "revision" : "aa50cbd88551e1f811aa913432df1b3621f3a34d",
        "version" : "0.5.6"
      }
    }
  ],
  "version" : 3
}
