{
  "originHash" : "0cf1d41023287cb81a7edb01cbbf966521cfe4443d7f951115bb519b53792dde",
  "pins" : [
    {
      "identity" : "vesperplayerkit",
      "kind" : "remoteSourceControl",
      "location" : "https://github.com/umbrella22/VesperPlayerKit.git",
      "state" : {
        "revision" : "5be49d95826b212ad60305ce5c40469fdf4f82a0",
        "version" : "0.6.4"
      }
    }
  ],
  "version" : 3
}
